Microsoft Visual Studio Solution File, Format Version 7.00
Project("{8BC9CEB8-8B4A-11D0-8D11-00A0C91BC942}") = "nsfmwin", "nsfmwin.vcproj", "{6EF9BB41-276F-4C7D-B3DE-BFEE67ED5585}"
EndProject
Project("{8BC9CEB8-8B4A-11D0-8D11-00A0C91BC942}") = "xgm", "..\xgm\xgm.vcproj", "{9A3DDFD1-D499-4AB2-A040-C1D5CB345045}"
EndProject
Project("{8BC9CEB8-8B4A-11D0-8D11-00A0C91BC942}") = "tag2pls", "..\tag2pls\tag2pls.vcproj", "{A77F74BE-9C19-4693-90A8-AB722E2E28E2}"
EndProject
Global
	GlobalSection(SolutionConfiguration) = preSolution
		ConfigName.0 = Debug
		ConfigName.1 = Release
	EndGlobalSection
	GlobalSection(ProjectDependencies) = postSolution
		{6EF9BB41-276F-4C7D-B3DE-BFEE67ED5585}.0 = {9A3DDFD1-D499-4AB2-A040-C1D5CB345045}
		{A77F74BE-9C19-4693-90A8-AB722E2E28E2}.0 = {9A3DDFD1-D499-4AB2-A040-C1D5CB345045}
	EndGlobalSection
	GlobalSection(ProjectConfiguration) = postSolution
		{6EF9BB41-276F-4C7D-B3DE-BFEE67ED5585}.Debug.ActiveCfg = Debug|Win32
		{6EF9BB41-276F-4C7D-B3DE-BFEE67ED5585}.Debug.Build.0 = Debug|Win32
		{6EF9BB41-276F-4C7D-B3DE-BFEE67ED5585}.Release.ActiveCfg = Release|Win32
		{6EF9BB41-276F-4C7D-B3DE-BFEE67ED5585}.Release.Build.0 = Release|Win32
		{9A3DDFD1-D499-4AB2-A040-C1D5CB345045}.Debug.ActiveCfg = Debug|Win32
		{9A3DDFD1-D499-4AB2-A040-C1D5CB345045}.Debug.Build.0 = Debug|Win32
		{9A3DDFD1-D499-4AB2-A040-C1D5CB345045}.Release.ActiveCfg = Release|Win32
		{9A3DDFD1-D499-4AB2-A040-C1D5CB345045}.Release.Build.0 = Release|Win32
		{A77F74BE-9C19-4693-90A8-AB722E2E28E2}.Debug.ActiveCfg = Debug|Win32
		{A77F74BE-9C19-4693-90A8-AB722E2E28E2}.Debug.Build.0 = Debug|Win32
		{A77F74BE-9C19-4693-90A8-AB722E2E28E2}.Release.ActiveCfg = Release|Win32
		{A77F74BE-9C19-4693-90A8-AB722E2E28E2}.Release.Build.0 = Release|Win32
	EndGlobalSection
	GlobalSection(ExtensibilityGlobals) = postSolution
	EndGlobalSection
	GlobalSection(ExtensibilityAddIns) = postSolution
	EndGlobalSection
EndGlobal
