Microsoft Visual Studio Solution File, Format Version 10.00
# Visual Studio 2008
Project("{8BC9CEB8-8B4A-11D0-8D11-00A0C91BC942}") = "libemuwa2", "libemuwa2\libemuwa2.vcproj", "{9073179D-4571-4FCE-8A2F-8623B101401D}"
EndProject
Project("{8BC9CEB8-8B4A-11D0-8D11-00A0C91BC942}") = "nsfplay", "nsfplay\nsfplay.vcproj", "{D5877EB7-F981-4343-B497-1873AA4B8883}"
	ProjectSection(ProjectDependencies) = postProject
		{32928949-27DF-41BA-92CF-ECA2DE449DB9} = {32928949-27DF-41BA-92CF-ECA2DE449DB9}
		{0F0FB964-095F-464C-9A3C-12B01DF94FFA} = {0F0FB964-095F-464C-9A3C-12B01DF94FFA}
		{9073179D-4571-4FCE-8A2F-8623B101401D} = {9073179D-4571-4FCE-8A2F-8623B101401D}
	EndProjectSection
EndProject
Project("{8BC9CEB8-8B4A-11D0-8D11-00A0C91BC942}") = "test", "test\test.vcproj", "{4A866BF7-810C-4B43-A633-027080320093}"
	ProjectSection(ProjectDependencies) = postProject
		{9073179D-4571-4FCE-8A2F-8623B101401D} = {9073179D-4571-4FCE-8A2F-8623B101401D}
	EndProjectSection
EndProject
Project("{8BC9CEB8-8B4A-11D0-8D11-00A0C91BC942}") = "in_yansf", "in_yansf\in_yansf.vcproj", "{32928949-27DF-41BA-92CF-ECA2DE449DB9}"
	ProjectSection(ProjectDependencies) = postProject
		{0F0FB964-095F-464C-9A3C-12B01DF94FFA} = {0F0FB964-095F-464C-9A3C-12B01DF94FFA}
		{9A3DDFD1-D499-4AB2-A040-C1D5CB345045} = {9A3DDFD1-D499-4AB2-A040-C1D5CB345045}
		{B89D26D4-880F-44F1-94E1-572EBD29F5E9} = {B89D26D4-880F-44F1-94E1-572EBD29F5E9}
	EndProjectSection
EndProject
Project("{8BC9CEB8-8B4A-11D0-8D11-00A0C91BC942}") = "vcm", "vcm\vcm.vcproj", "{B89D26D4-880F-44F1-94E1-572EBD29F5E9}"
EndProject
Project("{8BC9CEB8-8B4A-11D0-8D11-00A0C91BC942}") = "xgm", "xgm\xgm.vcproj", "{9A3DDFD1-D499-4AB2-A040-C1D5CB345045}"
EndProject
Project("{8BC9CEB8-8B4A-11D0-8D11-00A0C91BC942}") = "kbnsf", "kbnsf\kbnsf.vcproj", "{1389EB51-7F5F-4F88-8DD4-251F58CBE1B8}"
	ProjectSection(ProjectDependencies) = postProject
		{0F0FB964-095F-464C-9A3C-12B01DF94FFA} = {0F0FB964-095F-464C-9A3C-12B01DF94FFA}
		{9A3DDFD1-D499-4AB2-A040-C1D5CB345045} = {9A3DDFD1-D499-4AB2-A040-C1D5CB345045}
		{B89D26D4-880F-44F1-94E1-572EBD29F5E9} = {B89D26D4-880F-44F1-94E1-572EBD29F5E9}
	EndProjectSection
EndProject
Project("{8BC9CEB8-8B4A-11D0-8D11-00A0C91BC942}") = "nsfplug_ui", "nsfplug_ui\nsfplug_ui.vcproj", "{0F0FB964-095F-464C-9A3C-12B01DF94FFA}"
	ProjectSection(ProjectDependencies) = postProject
		{9A3DDFD1-D499-4AB2-A040-C1D5CB345045} = {9A3DDFD1-D499-4AB2-A040-C1D5CB345045}
		{B89D26D4-880F-44F1-94E1-572EBD29F5E9} = {B89D26D4-880F-44F1-94E1-572EBD29F5E9}
	EndProjectSection
EndProject
Global
	GlobalSection(SolutionConfigurationPlatforms) = preSolution
		Debug|Win32 = Debug|Win32
		Release|Win32 = Release|Win32
	EndGlobalSection
	GlobalSection(ProjectConfigurationPlatforms) = postSolution
		{9073179D-4571-4FCE-8A2F-8623B101401D}.Debug|Win32.ActiveCfg = Debug|Win32
		{9073179D-4571-4FCE-8A2F-8623B101401D}.Debug|Win32.Build.0 = Debug|Win32
		{9073179D-4571-4FCE-8A2F-8623B101401D}.Release|Win32.ActiveCfg = Release|Win32
		{9073179D-4571-4FCE-8A2F-8623B101401D}.Release|Win32.Build.0 = Release|Win32
		{D5877EB7-F981-4343-B497-1873AA4B8883}.Debug|Win32.ActiveCfg = Debug|Win32
		{D5877EB7-F981-4343-B497-1873AA4B8883}.Debug|Win32.Build.0 = Debug|Win32
		{D5877EB7-F981-4343-B497-1873AA4B8883}.Release|Win32.ActiveCfg = Release|Win32
		{D5877EB7-F981-4343-B497-1873AA4B8883}.Release|Win32.Build.0 = Release|Win32
		{4A866BF7-810C-4B43-A633-027080320093}.Debug|Win32.ActiveCfg = Debug|Win32
		{4A866BF7-810C-4B43-A633-027080320093}.Debug|Win32.Build.0 = Debug|Win32
		{4A866BF7-810C-4B43-A633-027080320093}.Release|Win32.ActiveCfg = Release|Win32
		{4A866BF7-810C-4B43-A633-027080320093}.Release|Win32.Build.0 = Release|Win32
		{32928949-27DF-41BA-92CF-ECA2DE449DB9}.Debug|Win32.ActiveCfg = Debug|Win32
		{32928949-27DF-41BA-92CF-ECA2DE449DB9}.Debug|Win32.Build.0 = Debug|Win32
		{32928949-27DF-41BA-92CF-ECA2DE449DB9}.Release|Win32.ActiveCfg = Release|Win32
		{32928949-27DF-41BA-92CF-ECA2DE449DB9}.Release|Win32.Build.0 = Release|Win32
		{B89D26D4-880F-44F1-94E1-572EBD29F5E9}.Debug|Win32.ActiveCfg = Debug|Win32
		{B89D26D4-880F-44F1-94E1-572EBD29F5E9}.Debug|Win32.Build.0 = Debug|Win32
		{B89D26D4-880F-44F1-94E1-572EBD29F5E9}.Release|Win32.ActiveCfg = Release|Win32
		{B89D26D4-880F-44F1-94E1-572EBD29F5E9}.Release|Win32.Build.0 = Release|Win32
		{9A3DDFD1-D499-4AB2-A040-C1D5CB345045}.Debug|Win32.ActiveCfg = Debug|Win32
		{9A3DDFD1-D499-4AB2-A040-C1D5CB345045}.Debug|Win32.Build.0 = Debug|Win32
		{9A3DDFD1-D499-4AB2-A040-C1D5CB345045}.Release|Win32.ActiveCfg = Release|Win32
		{9A3DDFD1-D499-4AB2-A040-C1D5CB345045}.Release|Win32.Build.0 = Release|Win32
		{1389EB51-7F5F-4F88-8DD4-251F58CBE1B8}.Debug|Win32.ActiveCfg = Debug|Win32
		{1389EB51-7F5F-4F88-8DD4-251F58CBE1B8}.Debug|Win32.Build.0 = Debug|Win32
		{1389EB51-7F5F-4F88-8DD4-251F58CBE1B8}.Release|Win32.ActiveCfg = Release|Win32
		{1389EB51-7F5F-4F88-8DD4-251F58CBE1B8}.Release|Win32.Build.0 = Release|Win32
		{0F0FB964-095F-464C-9A3C-12B01DF94FFA}.Debug|Win32.ActiveCfg = Debug|Win32
		{0F0FB964-095F-464C-9A3C-12B01DF94FFA}.Debug|Win32.Build.0 = Debug|Win32
		{0F0FB964-095F-464C-9A3C-12B01DF94FFA}.Release|Win32.ActiveCfg = Release|Win32
		{0F0FB964-095F-464C-9A3C-12B01DF94FFA}.Release|Win32.Build.0 = Release|Win32
	EndGlobalSection
	GlobalSection(SolutionProperties) = preSolution
		HideSolutionNode = FALSE
	EndGlobalSection
EndGlobal
