<?xml version="1.0" encoding="utf-8"?>
<Project ToolsVersion="4.0" xmlns="http://schemas.microsoft.com/developer/msbuild/2003">
  <ItemGroup>
    <Filter Include="Source Files">
      <UniqueIdentifier>{4FC737F1-C7A5-4376-A066-2A32D752A2FF}</UniqueIdentifier>
      <Extensions>cpp;c;cc;cxx;c++;cppm;ixx;def;odl;idl;hpj;bat;asm;asmx</Extensions>
    </Filter>
    <Filter Include="Header Files">
      <UniqueIdentifier>{93995380-89BD-4b04-88EB-625FBE52EBFB}</UniqueIdentifier>
      <Extensions>h;hh;hpp;hxx;h++;hm;inl;inc;ipp;xsd</Extensions>
    </Filter>
    <Filter Include="Enum Files">
      <UniqueIdentifier>{98cf1676-046f-4915-a6e4-593ddc14c289}</UniqueIdentifier>
    </Filter>
  </ItemGroup>
  <ItemGroup>
    <ClCompile Include="core.cpp">
      <Filter>Source Files</Filter>
    </ClCompile>
    <ClCompile Include="nsfplaycore.cpp">
      <Filter>Source Files</Filter>
    </ClCompile>
    <ClCompile Include="pch.cpp">
      <Filter>Source Files</Filter>
    </ClCompile>
    <ClCompile Include="nsf.cpp">
      <Filter>Source Files</Filter>
    </ClCompile>
    <ClCompile Include="shift_jis.cpp">
      <Filter>Source Files</Filter>
    </ClCompile>
  </ItemGroup>
  <ItemGroup>
    <ClInclude Include="..\include\nsfplaycore.h">
      <Filter>Header Files</Filter>
    </ClInclude>
    <ClInclude Include="..\include\nsfplayenums.h">
      <Filter>Header Files</Filter>
    </ClInclude>
    <ClInclude Include="core.h">
      <Filter>Header Files</Filter>
    </ClInclude>
    <ClInclude Include="enums_data.h">
      <Filter>Header Files</Filter>
    </ClInclude>
    <ClInclude Include="shift_jis_table.h">
      <Filter>Header Files</Filter>
    </ClInclude>
  </ItemGroup>
  <ItemGroup>
    <Text Include="..\enums\english.txt">
      <Filter>Enum Files</Filter>
    </Text>
    <Text Include="..\enums\japanese.txt">
      <Filter>Enum Files</Filter>
    </Text>
    <Text Include="..\enums\settings.txt">
      <Filter>Enum Files</Filter>
    </Text>
    <Text Include="..\version.txt">
      <Filter>Enum Files</Filter>
    </Text>
  </ItemGroup>
  <ItemGroup>
    <None Include="..\enums\nsfplayenums.py">
      <Filter>Enum Files</Filter>
    </None>
  </ItemGroup>
</Project>