<?xml version="1.0" encoding="utf-8"?>
<Project ToolsVersion="4.0" xmlns="http://schemas.microsoft.com/developer/msbuild/2003">
  <ItemGroup>
    <ClCompile Include="cmd.cpp" />
    <ClCompile Include="platform.cpp" />
    <ClCompile Include="unit_test.cpp" />
    <ClCompile Include="..\shared\sound.cpp" />
    <ClCompile Include="..\shared\wav_file.cpp" />
  </ItemGroup>
  <ItemGroup>
    <ClInclude Include="..\include\nsfplaycore.h" />
    <ClInclude Include="..\include\nsfplayenums.h" />
    <ClInclude Include="..\shared\sound.h" />
    <ClInclude Include="..\shared\sound_convert.h" />
    <ClInclude Include="..\shared\wav_file.h" />
  </ItemGroup>
</Project>